
Microsoft Visual Studio Solution File, Format Version 12.00
# Visual Studio Version 17
VisualStudioVersion = 17.9.34723.18
MinimumVisualStudioVersion = 10.0.40219.1
Project("{2150E333-8FDC-42A3-9474-1A3956D46DE8}") = "Core", "Core", "{102AE70B-C6AD-451C-B751-8ECB8D9FBBE8}"
EndProject
Project("{2150E333-8FDC-42A3-9474-1A3956D46DE8}") = "Infrastructure", "Infrastructure", "{EFD396FF-563F-422A-84FF-EB7B5BF7764D}"
EndProject
Project("{2150E333-8FDC-42A3-9474-1A3956D46DE8}") = "Presentation", "Presentation", "{64CE8FA2-D14D-4DD5-98A8-0D078409DBC7}"
EndProject
Project("{9A19103F-16F7-4668-BE54-9A1E7A4F7556}") = "Compa.Domain", "Compa.Domain\Compa.Domain.csproj", "{0CC37428-4486-4FD5-A2B5-25715C1AC227}"
EndProject
Project("{FAE04EC0-301F-11D3-BF4B-00C04F79EFBC}") = "Compa.App", "Compa.App\Compa.App.csproj", "{B5751F46-362C-4129-BF6A-81BD0F13E17E}"
EndProject
Project("{FAE04EC0-301F-11D3-BF4B-00C04F79EFBC}") = "Compa.Persistance", "Compa.Persistance\Compa.Persistance.csproj", "{53C8179F-9D80-40B5-A436-3E6F458BBD72}"
EndProject
Project("{FAE04EC0-301F-11D3-BF4B-00C04F79EFBC}") = "Compa.WebAPI", "Compa.WebAPI\Compa.WebAPI.csproj", "{D0F92AAF-66D5-4C29-B72A-54EC5C27A4E6}"
EndProject
Global
	GlobalSection(SolutionConfigurationPlatforms) = preSolution
		Debug|Any CPU = Debug|Any CPU
		Release|Any CPU = Release|Any CPU
	EndGlobalSection
	GlobalSection(ProjectConfigurationPlatforms) = postSolution
		{0CC37428-4486-4FD5-A2B5-25715C1AC227}.Debug|Any CPU.ActiveCfg = Debug|Any CPU
		{0CC37428-4486-4FD5-A2B5-25715C1AC227}.Debug|Any CPU.Build.0 = Debug|Any CPU
		{0CC37428-4486-4FD5-A2B5-25715C1AC227}.Release|Any CPU.ActiveCfg = Release|Any CPU
		{0CC37428-4486-4FD5-A2B5-25715C1AC227}.Release|Any CPU.Build.0 = Release|Any CPU
		{B5751F46-362C-4129-BF6A-81BD0F13E17E}.Debug|Any CPU.ActiveCfg = Debug|Any CPU
		{B5751F46-362C-4129-BF6A-81BD0F13E17E}.Debug|Any CPU.Build.0 = Debug|Any CPU
		{B5751F46-362C-4129-BF6A-81BD0F13E17E}.Release|Any CPU.ActiveCfg = Release|Any CPU
		{B5751F46-362C-4129-BF6A-81BD0F13E17E}.Release|Any CPU.Build.0 = Release|Any CPU
		{53C8179F-9D80-40B5-A436-3E6F458BBD72}.Debug|Any CPU.ActiveCfg = Debug|Any CPU
		{53C8179F-9D80-40B5-A436-3E6F458BBD72}.Debug|Any CPU.Build.0 = Debug|Any CPU
		{53C8179F-9D80-40B5-A436-3E6F458BBD72}.Release|Any CPU.ActiveCfg = Release|Any CPU
		{53C8179F-9D80-40B5-A436-3E6F458BBD72}.Release|Any CPU.Build.0 = Release|Any CPU
		{D0F92AAF-66D5-4C29-B72A-54EC5C27A4E6}.Debug|Any CPU.ActiveCfg = Debug|Any CPU
		{D0F92AAF-66D5-4C29-B72A-54EC5C27A4E6}.Debug|Any CPU.Build.0 = Debug|Any CPU
		{D0F92AAF-66D5-4C29-B72A-54EC5C27A4E6}.Release|Any CPU.ActiveCfg = Release|Any CPU
		{D0F92AAF-66D5-4C29-B72A-54EC5C27A4E6}.Release|Any CPU.Build.0 = Release|Any CPU
	EndGlobalSection
	GlobalSection(SolutionProperties) = preSolution
		HideSolutionNode = FALSE
	EndGlobalSection
	GlobalSection(NestedProjects) = preSolution
		{0CC37428-4486-4FD5-A2B5-25715C1AC227} = {102AE70B-C6AD-451C-B751-8ECB8D9FBBE8}
		{B5751F46-362C-4129-BF6A-81BD0F13E17E} = {102AE70B-C6AD-451C-B751-8ECB8D9FBBE8}
		{53C8179F-9D80-40B5-A436-3E6F458BBD72} = {EFD396FF-563F-422A-84FF-EB7B5BF7764D}
		{D0F92AAF-66D5-4C29-B72A-54EC5C27A4E6} = {64CE8FA2-D14D-4DD5-98A8-0D078409DBC7}
	EndGlobalSection
	GlobalSection(ExtensibilityGlobals) = postSolution
		SolutionGuid = {99B65434-E827-4054-B1BC-1D4395079AA7}
	EndGlobalSection
EndGlobal
